
Microsoft Visual Studio Solution File, Format Version 12.00
# Visual Studio Version 16
VisualStudioVersion = 16.0.33927.289
MinimumVisualStudioVersion = 10.0.40219.1
Project("{2150E333-8FDC-42A3-9474-1A3956D46DE8}") = "Task0", "Task0", "{E5E16CD5-CBBF-4C6F-9E41-00C1963A29FA}"
EndProject
Project("{FAE04EC0-301F-11D3-BF4B-00C04F79EFBC}") = "Tyuiu.SalminKN.Sprint0.task0.V0", "Tyuiu.SalminKN.Sprint0.task0.V0\Tyuiu.SalminKN.Sprint0.task0.V0.csproj", "{FC31025E-6189-47A3-9128-5DABE10F88A4}"
EndProject
Project("{2150E333-8FDC-42A3-9474-1A3956D46DE8}") = "Task1", "Task1", "{883DC95A-E7C0-4A5F-811D-F917CDA2558E}"
EndProject
Project("{FAE04EC0-301F-11D3-BF4B-00C04F79EFBC}") = "Tyuiu.SalminKN.Sprint0.Task1.V0", "Tyuiu.SalminKN.Sprint0.Task1.V0\Tyuiu.SalminKN.Sprint0.Task1.V0.csproj", "{C627304E-E361-4A5E-A3D2-39BB76A4FA09}"
EndProject
Project("{2150E333-8FDC-42A3-9474-1A3956D46DE8}") = "Task2", "Task2", "{CAA7A8ED-8CBB-4F47-BBD0-59BA684954E1}"
EndProject
Project("{FAE04EC0-301F-11D3-BF4B-00C04F79EFBC}") = "Tyuiu.SalminKN.Sprint0.Task2.V0", "Tyuiu.SalminKN.Sprint0.Task3.V0\Tyuiu.SalminKN.Sprint0.Task2.V0.csproj", "{CE3571E4-A4A8-4A13-9F79-2C381B84B086}"
EndProject
Project("{FAE04EC0-301F-11D3-BF4B-00C04F79EFBC}") = "Tyuiu.SalminKN.Sprint0.Task2.V0.Lib", "Tyuiu.SalminKN.Sprint0.Task3.V0.Lib\Tyuiu.SalminKN.Sprint0.Task2.V0.Lib.csproj", "{7A17596A-0E0B-41BF-A583-D34D22EF908A}"
EndProject
Project("{FAE04EC0-301F-11D3-BF4B-00C04F79EFBC}") = "Tyuiu.SalminKN.Sprint0.Task2.V0.Test", "Tyuiu.SalminKN.Sprint0.Task2.V0.Test\Tyuiu.SalminKN.Sprint0.Task2.V0.Test.csproj", "{63B38A2B-B260-4DD1-B8DE-E592BD1C0F38}"
EndProject
Project("{2150E333-8FDC-42A3-9474-1A3956D46DE8}") = "Task3", "Task3", "{3DD40939-C777-4BBA-ADB2-E81DAC0AA6C6}"
EndProject
Project("{FAE04EC0-301F-11D3-BF4B-00C04F79EFBC}") = "Tyuiu.SalminKN.Sprint0.Task3.V0", "Tyuiu.SalminKN.Sprint0.Task3.V0\Tyuiu.SalminKN.Sprint0.Task3.V0.csproj", "{768D19CB-DC42-44AC-94F9-80C4D9AACC4E}"
EndProject
Project("{FAE04EC0-301F-11D3-BF4B-00C04F79EFBC}") = "Tyuiu.SalminKN.Sprint0.Task3.V0.Lib", "Tyuiu.SalminKN.Sprint0.Task3.V0.Lib\Tyuiu.SalminKN.Sprint0.Task3.V0.Lib.csproj", "{C003F639-3F3C-4AC1-8D29-50AD6419F501}"
EndProject
Project("{FAE04EC0-301F-11D3-BF4B-00C04F79EFBC}") = "Tyuiu.SalminKN.Sprint0.Task3.V0.Test", "Tyuiu.SalminKN.Sprint0.Task3.V0.Test\Tyuiu.SalminKN.Sprint0.Task3.V0.Test.csproj", "{95DBA4B8-659B-43CA-8D51-533ACCB74B46}"
EndProject
Project("{2150E333-8FDC-42A3-9474-1A3956D46DE8}") = "Task4", "Task4", "{2158C8E5-E553-42B9-9F0C-662FE4C876B4}"
EndProject
Project("{FAE04EC0-301F-11D3-BF4B-00C04F79EFBC}") = "Tyuiu.SalminKN.Sprint0.Task4.V0", "Tyuiu.SalminKN.Sprint0.Task4.V0\Tyuiu.SalminKN.Sprint0.Task4.V0.csproj", "{CFBFD580-B6D5-4B92-AD85-B7313E645472}"
EndProject
Project("{FAE04EC0-301F-11D3-BF4B-00C04F79EFBC}") = "Tyuiu.SalminKN.Sprint0.Task4.V0.Lib", "Tyuiu.SalminKN.Sprint0.Task4.V0.Lib\Tyuiu.SalminKN.Sprint0.Task4.V0.Lib.csproj", "{A8228F6F-C5E3-438C-B310-ED25B0ADEB31}"
EndProject
Project("{FAE04EC0-301F-11D3-BF4B-00C04F79EFBC}") = "Tyuiu.SalminKN.Sprint0.Task4.V0.Test", "Tyuiu.SalminKN.Sprint0.Task4.V0.Test\Tyuiu.SalminKN.Sprint0.Task4.V0.Test.csproj", "{0FCE118C-9FB5-45F1-981D-6909687C15D8}"
EndProject
Project("{2150E333-8FDC-42A3-9474-1A3956D46DE8}") = "Task5", "Task5", "{B1533F22-BE34-4B29-B832-8AFC65050662}"
EndProject
Project("{FAE04EC0-301F-11D3-BF4B-00C04F79EFBC}") = "Tyuiu.SalminKN.Sprint0.Task5.V0.Lib", "Tyuiu.SalminKN.Sprint0.Task5.V0.Lib\Tyuiu.SalminKN.Sprint0.Task5.V0.Lib.csproj", "{970F98A1-7877-4C70-B0C8-48747ED9F5AE}"
EndProject
Project("{FAE04EC0-301F-11D3-BF4B-00C04F79EFBC}") = "Tyuiu.SalminKN.Sprint0.Task5.V0.Test", "Tyuiu.SalminKN.Sprint0.Task5.V0.Test\Tyuiu.SalminKN.Sprint0.Task5.V0.Test.csproj", "{CA3C6AE6-1D28-452C-9F70-170B1660CDE7}"
EndProject
Project("{FAE04EC0-301F-11D3-BF4B-00C04F79EFBC}") = "Tyuiu.SalminKN.Sprint0.Task5.V0", "Tyuiu.SalminKN.Sprint0.Task5.V0\Tyuiu.SalminKN.Sprint0.Task5.V0.csproj", "{7C8567C4-4467-466B-BFEB-DDA22C152E18}"
EndProject
Project("{2150E333-8FDC-42A3-9474-1A3956D46DE8}") = "Task6", "Task6", "{A472099B-CF36-4FBE-858B-61B263B370B8}"
EndProject
Project("{FAE04EC0-301F-11D3-BF4B-00C04F79EFBC}") = "Tyuiu.SalminKN.Sprint0.Task6.V0", "Tyuiu.SalminKN.Sprint0.Task6.V0\Tyuiu.SalminKN.Sprint0.Task6.V0.csproj", "{CD03A2B7-B4CA-4EF2-8864-00163C5B0AFE}"
EndProject
Project("{FAE04EC0-301F-11D3-BF4B-00C04F79EFBC}") = "Tyuiu.SalminKN.Sprint0.Task6.V0.Lib", "Tyuiu.SalminKN.Sprint0.Task6.V0.Lib\Tyuiu.SalminKN.Sprint0.Task6.V0.Lib.csproj", "{5591D8F8-086B-45BF-810D-15707E0AE295}"
EndProject
Project("{FAE04EC0-301F-11D3-BF4B-00C04F79EFBC}") = "Tyuiu.SalminKN.Sprint0.Task6.V0.Test", "Tyuiu.SalminKN.Sprint0.Task6.V0.Test\Tyuiu.SalminKN.Sprint0.Task6.V0.Test.csproj", "{7E5AC1A7-0519-42A9-BA27-C38DED14485B}"
EndProject
Global
	GlobalSection(SolutionConfigurationPlatforms) = preSolution
		Debug|Any CPU = Debug|Any CPU
		Release|Any CPU = Release|Any CPU
	EndGlobalSection
	GlobalSection(ProjectConfigurationPlatforms) = postSolution
		{FC31025E-6189-47A3-9128-5DABE10F88A4}.Debug|Any CPU.ActiveCfg = Debug|Any CPU
		{FC31025E-6189-47A3-9128-5DABE10F88A4}.Debug|Any CPU.Build.0 = Debug|Any CPU
		{FC31025E-6189-47A3-9128-5DABE10F88A4}.Release|Any CPU.ActiveCfg = Release|Any CPU
		{FC31025E-6189-47A3-9128-5DABE10F88A4}.Release|Any CPU.Build.0 = Release|Any CPU
		{C627304E-E361-4A5E-A3D2-39BB76A4FA09}.Debug|Any CPU.ActiveCfg = Debug|Any CPU
		{C627304E-E361-4A5E-A3D2-39BB76A4FA09}.Debug|Any CPU.Build.0 = Debug|Any CPU
		{C627304E-E361-4A5E-A3D2-39BB76A4FA09}.Release|Any CPU.ActiveCfg = Release|Any CPU
		{C627304E-E361-4A5E-A3D2-39BB76A4FA09}.Release|Any CPU.Build.0 = Release|Any CPU
		{CE3571E4-A4A8-4A13-9F79-2C381B84B086}.Debug|Any CPU.ActiveCfg = Debug|Any CPU
		{CE3571E4-A4A8-4A13-9F79-2C381B84B086}.Debug|Any CPU.Build.0 = Debug|Any CPU
		{CE3571E4-A4A8-4A13-9F79-2C381B84B086}.Release|Any CPU.ActiveCfg = Release|Any CPU
		{CE3571E4-A4A8-4A13-9F79-2C381B84B086}.Release|Any CPU.Build.0 = Release|Any CPU
		{7A17596A-0E0B-41BF-A583-D34D22EF908A}.Debug|Any CPU.ActiveCfg = Debug|Any CPU
		{7A17596A-0E0B-41BF-A583-D34D22EF908A}.Debug|Any CPU.Build.0 = Debug|Any CPU
		{7A17596A-0E0B-41BF-A583-D34D22EF908A}.Release|Any CPU.ActiveCfg = Release|Any CPU
		{7A17596A-0E0B-41BF-A583-D34D22EF908A}.Release|Any CPU.Build.0 = Release|Any CPU
		{63B38A2B-B260-4DD1-B8DE-E592BD1C0F38}.Debug|Any CPU.ActiveCfg = Debug|Any CPU
		{63B38A2B-B260-4DD1-B8DE-E592BD1C0F38}.Debug|Any CPU.Build.0 = Debug|Any CPU
		{63B38A2B-B260-4DD1-B8DE-E592BD1C0F38}.Release|Any CPU.ActiveCfg = Release|Any CPU
		{63B38A2B-B260-4DD1-B8DE-E592BD1C0F38}.Release|Any CPU.Build.0 = Release|Any CPU
		{768D19CB-DC42-44AC-94F9-80C4D9AACC4E}.Debug|Any CPU.ActiveCfg = Debug|Any CPU
		{768D19CB-DC42-44AC-94F9-80C4D9AACC4E}.Debug|Any CPU.Build.0 = Debug|Any CPU
		{768D19CB-DC42-44AC-94F9-80C4D9AACC4E}.Release|Any CPU.ActiveCfg = Release|Any CPU
		{768D19CB-DC42-44AC-94F9-80C4D9AACC4E}.Release|Any CPU.Build.0 = Release|Any CPU
		{C003F639-3F3C-4AC1-8D29-50AD6419F501}.Debug|Any CPU.ActiveCfg = Debug|Any CPU
		{C003F639-3F3C-4AC1-8D29-50AD6419F501}.Debug|Any CPU.Build.0 = Debug|Any CPU
		{C003F639-3F3C-4AC1-8D29-50AD6419F501}.Release|Any CPU.ActiveCfg = Release|Any CPU
		{C003F639-3F3C-4AC1-8D29-50AD6419F501}.Release|Any CPU.Build.0 = Release|Any CPU
		{95DBA4B8-659B-43CA-8D51-533ACCB74B46}.Debug|Any CPU.ActiveCfg = Debug|Any CPU
		{95DBA4B8-659B-43CA-8D51-533ACCB74B46}.Debug|Any CPU.Build.0 = Debug|Any CPU
		{95DBA4B8-659B-43CA-8D51-533ACCB74B46}.Release|Any CPU.ActiveCfg = Release|Any CPU
		{95DBA4B8-659B-43CA-8D51-533ACCB74B46}.Release|Any CPU.Build.0 = Release|Any CPU
		{CFBFD580-B6D5-4B92-AD85-B7313E645472}.Debug|Any CPU.ActiveCfg = Debug|Any CPU
		{CFBFD580-B6D5-4B92-AD85-B7313E645472}.Debug|Any CPU.Build.0 = Debug|Any CPU
		{CFBFD580-B6D5-4B92-AD85-B7313E645472}.Release|Any CPU.ActiveCfg = Release|Any CPU
		{CFBFD580-B6D5-4B92-AD85-B7313E645472}.Release|Any CPU.Build.0 = Release|Any CPU
		{A8228F6F-C5E3-438C-B310-ED25B0ADEB31}.Debug|Any CPU.ActiveCfg = Debug|Any CPU
		{A8228F6F-C5E3-438C-B310-ED25B0ADEB31}.Debug|Any CPU.Build.0 = Debug|Any CPU
		{A8228F6F-C5E3-438C-B310-ED25B0ADEB31}.Release|Any CPU.ActiveCfg = Release|Any CPU
		{A8228F6F-C5E3-438C-B310-ED25B0ADEB31}.Release|Any CPU.Build.0 = Release|Any CPU
		{0FCE118C-9FB5-45F1-981D-6909687C15D8}.Debug|Any CPU.ActiveCfg = Debug|Any CPU
		{0FCE118C-9FB5-45F1-981D-6909687C15D8}.Debug|Any CPU.Build.0 = Debug|Any CPU
		{0FCE118C-9FB5-45F1-981D-6909687C15D8}.Release|Any CPU.ActiveCfg = Release|Any CPU
		{0FCE118C-9FB5-45F1-981D-6909687C15D8}.Release|Any CPU.Build.0 = Release|Any CPU
		{970F98A1-7877-4C70-B0C8-48747ED9F5AE}.Debug|Any CPU.ActiveCfg = Debug|Any CPU
		{970F98A1-7877-4C70-B0C8-48747ED9F5AE}.Debug|Any CPU.Build.0 = Debug|Any CPU
		{970F98A1-7877-4C70-B0C8-48747ED9F5AE}.Release|Any CPU.ActiveCfg = Release|Any CPU
		{970F98A1-7877-4C70-B0C8-48747ED9F5AE}.Release|Any CPU.Build.0 = Release|Any CPU
		{CA3C6AE6-1D28-452C-9F70-170B1660CDE7}.Debug|Any CPU.ActiveCfg = Debug|Any CPU
		{CA3C6AE6-1D28-452C-9F70-170B1660CDE7}.Debug|Any CPU.Build.0 = Debug|Any CPU
		{CA3C6AE6-1D28-452C-9F70-170B1660CDE7}.Release|Any CPU.ActiveCfg = Release|Any CPU
		{CA3C6AE6-1D28-452C-9F70-170B1660CDE7}.Release|Any CPU.Build.0 = Release|Any CPU
		{7C8567C4-4467-466B-BFEB-DDA22C152E18}.Debug|Any CPU.ActiveCfg = Debug|Any CPU
		{7C8567C4-4467-466B-BFEB-DDA22C152E18}.Debug|Any CPU.Build.0 = Debug|Any CPU
		{7C8567C4-4467-466B-BFEB-DDA22C152E18}.Release|Any CPU.ActiveCfg = Release|Any CPU
		{7C8567C4-4467-466B-BFEB-DDA22C152E18}.Release|Any CPU.Build.0 = Release|Any CPU
		{CD03A2B7-B4CA-4EF2-8864-00163C5B0AFE}.Debug|Any CPU.ActiveCfg = Debug|Any CPU
		{CD03A2B7-B4CA-4EF2-8864-00163C5B0AFE}.Debug|Any CPU.Build.0 = Debug|Any CPU
		{CD03A2B7-B4CA-4EF2-8864-00163C5B0AFE}.Release|Any CPU.ActiveCfg = Release|Any CPU
		{CD03A2B7-B4CA-4EF2-8864-00163C5B0AFE}.Release|Any CPU.Build.0 = Release|Any CPU
		{5591D8F8-086B-45BF-810D-15707E0AE295}.Debug|Any CPU.ActiveCfg = Debug|Any CPU
		{5591D8F8-086B-45BF-810D-15707E0AE295}.Debug|Any CPU.Build.0 = Debug|Any CPU
		{5591D8F8-086B-45BF-810D-15707E0AE295}.Release|Any CPU.ActiveCfg = Release|Any CPU
		{5591D8F8-086B-45BF-810D-15707E0AE295}.Release|Any CPU.Build.0 = Release|Any CPU
		{7E5AC1A7-0519-42A9-BA27-C38DED14485B}.Debug|Any CPU.ActiveCfg = Debug|Any CPU
		{7E5AC1A7-0519-42A9-BA27-C38DED14485B}.Debug|Any CPU.Build.0 = Debug|Any CPU
		{7E5AC1A7-0519-42A9-BA27-C38DED14485B}.Release|Any CPU.ActiveCfg = Release|Any CPU
		{7E5AC1A7-0519-42A9-BA27-C38DED14485B}.Release|Any CPU.Build.0 = Release|Any CPU
	EndGlobalSection
	GlobalSection(SolutionProperties) = preSolution
		HideSolutionNode = FALSE
	EndGlobalSection
	GlobalSection(NestedProjects) = preSolution
		{FC31025E-6189-47A3-9128-5DABE10F88A4} = {E5E16CD5-CBBF-4C6F-9E41-00C1963A29FA}
		{C627304E-E361-4A5E-A3D2-39BB76A4FA09} = {883DC95A-E7C0-4A5F-811D-F917CDA2558E}
		{CE3571E4-A4A8-4A13-9F79-2C381B84B086} = {CAA7A8ED-8CBB-4F47-BBD0-59BA684954E1}
		{7A17596A-0E0B-41BF-A583-D34D22EF908A} = {CAA7A8ED-8CBB-4F47-BBD0-59BA684954E1}
		{63B38A2B-B260-4DD1-B8DE-E592BD1C0F38} = {CAA7A8ED-8CBB-4F47-BBD0-59BA684954E1}
		{768D19CB-DC42-44AC-94F9-80C4D9AACC4E} = {3DD40939-C777-4BBA-ADB2-E81DAC0AA6C6}
		{C003F639-3F3C-4AC1-8D29-50AD6419F501} = {3DD40939-C777-4BBA-ADB2-E81DAC0AA6C6}
		{95DBA4B8-659B-43CA-8D51-533ACCB74B46} = {3DD40939-C777-4BBA-ADB2-E81DAC0AA6C6}
		{CFBFD580-B6D5-4B92-AD85-B7313E645472} = {2158C8E5-E553-42B9-9F0C-662FE4C876B4}
		{A8228F6F-C5E3-438C-B310-ED25B0ADEB31} = {2158C8E5-E553-42B9-9F0C-662FE4C876B4}
		{0FCE118C-9FB5-45F1-981D-6909687C15D8} = {2158C8E5-E553-42B9-9F0C-662FE4C876B4}
		{970F98A1-7877-4C70-B0C8-48747ED9F5AE} = {B1533F22-BE34-4B29-B832-8AFC65050662}
		{CA3C6AE6-1D28-452C-9F70-170B1660CDE7} = {B1533F22-BE34-4B29-B832-8AFC65050662}
		{7C8567C4-4467-466B-BFEB-DDA22C152E18} = {B1533F22-BE34-4B29-B832-8AFC65050662}
		{CD03A2B7-B4CA-4EF2-8864-00163C5B0AFE} = {A472099B-CF36-4FBE-858B-61B263B370B8}
		{5591D8F8-086B-45BF-810D-15707E0AE295} = {A472099B-CF36-4FBE-858B-61B263B370B8}
		{7E5AC1A7-0519-42A9-BA27-C38DED14485B} = {A472099B-CF36-4FBE-858B-61B263B370B8}
	EndGlobalSection
	GlobalSection(ExtensibilityGlobals) = postSolution
		SolutionGuid = {528E1ABF-FCE6-4A86-B0D9-3BA8763C4E1F}
	EndGlobalSection
EndGlobal
