
Microsoft Visual Studio Solution File, Format Version 12.00
# Visual Studio Version 16
VisualStudioVersion = 16.0.33927.289
MinimumVisualStudioVersion = 10.0.40219.1
Project("{2150E333-8FDC-42A3-9474-1A3956D46DE8}") = "Task0", "Task0", "{E5E16CD5-CBBF-4C6F-9E41-00C1963A29FA}"
EndProject
Project("{FAE04EC0-301F-11D3-BF4B-00C04F79EFBC}") = "Tyuiu.SalminKN.Sprint0.task0.V0", "Tyuiu.SalminKN.Sprint0.task0.V0\Tyuiu.SalminKN.Sprint0.task0.V0.csproj", "{FC31025E-6189-47A3-9128-5DABE10F88A4}"
EndProject
Project("{2150E333-8FDC-42A3-9474-1A3956D46DE8}") = "Task1", "Task1", "{883DC95A-E7C0-4A5F-811D-F917CDA2558E}"
EndProject
Project("{FAE04EC0-301F-11D3-BF4B-00C04F79EFBC}") = "Tyuiu.SalminKN.Sprint0.Task1.V0", "Tyuiu.SalminKN.Sprint0.Task1.V0\Tyuiu.SalminKN.Sprint0.Task1.V0.csproj", "{C627304E-E361-4A5E-A3D2-39BB76A4FA09}"
EndProject
Project("{2150E333-8FDC-42A3-9474-1A3956D46DE8}") = "Task2", "Task2", "{CAA7A8ED-8CBB-4F47-BBD0-59BA684954E1}"
EndProject
Project("{FAE04EC0-301F-11D3-BF4B-00C04F79EFBC}") = "Tyuiu.SalminKN.Sprint0.Task2.V0", "Tyuiu.SalminKN.Sprint0.Task3.V0\Tyuiu.SalminKN.Sprint0.Task2.V0.csproj", "{CE3571E4-A4A8-4A13-9F79-2C381B84B086}"
EndProject
Project("{FAE04EC0-301F-11D3-BF4B-00C04F79EFBC}") = "Tyuiu.SalminKN.Sprint0.Task2.V0.Lib", "Tyuiu.SalminKN.Sprint0.Task3.V0.Lib\Tyuiu.SalminKN.Sprint0.Task2.V0.Lib.csproj", "{7A17596A-0E0B-41BF-A583-D34D22EF908A}"
EndProject
Project("{FAE04EC0-301F-11D3-BF4B-00C04F79EFBC}") = "Tyuiu.SalminKN.Sprint0.Task2.V0.Test", "Tyuiu.SalminKN.Sprint0.Task2.V0.Test\Tyuiu.SalminKN.Sprint0.Task2.V0.Test.csproj", "{63B38A2B-B260-4DD1-B8DE-E592BD1C0F38}"
EndProject
Project("{2150E333-8FDC-42A3-9474-1A3956D46DE8}") = "Task3", "Task3", "{3DD40939-C777-4BBA-ADB2-E81DAC0AA6C6}"
EndProject
Project("{FAE04EC0-301F-11D3-BF4B-00C04F79EFBC}") = "Tyuiu.SalminKN.Sprint0.Task3.V0", "Tyuiu.SalminKN.Sprint0.Task3.V0\Tyuiu.SalminKN.Sprint0.Task3.V0.csproj", "{768D19CB-DC42-44AC-94F9-80C4D9AACC4E}"
EndProject
Project("{FAE04EC0-301F-11D3-BF4B-00C04F79EFBC}") = "Tyuiu.SalminKN.Sprint0.Task3.V0.Lib", "Tyuiu.SalminKN.Sprint0.Task3.V0.Lib\Tyuiu.SalminKN.Sprint0.Task3.V0.Lib.csproj", "{C003F639-3F3C-4AC1-8D29-50AD6419F501}"
EndProject
Project("{FAE04EC0-301F-11D3-BF4B-00C04F79EFBC}") = "Tyuiu.SalminKN.Sprint0.Task3.V0.Test", "Tyuiu.SalminKN.Sprint0.Task3.V0.Test\Tyuiu.SalminKN.Sprint0.Task3.V0.Test.csproj", "{95DBA4B8-659B-43CA-8D51-533ACCB74B46}"
EndProject
Global
	GlobalSection(SolutionConfigurationPlatforms) = preSolution
		Debug|Any CPU = Debug|Any CPU
		Release|Any CPU = Release|Any CPU
	EndGlobalSection
	GlobalSection(ProjectConfigurationPlatforms) = postSolution
		{FC31025E-6189-47A3-9128-5DABE10F88A4}.Debug|Any CPU.ActiveCfg = Debug|Any CPU
		{FC31025E-6189-47A3-9128-5DABE10F88A4}.Debug|Any CPU.Build.0 = Debug|Any CPU
		{FC31025E-6189-47A3-9128-5DABE10F88A4}.Release|Any CPU.ActiveCfg = Release|Any CPU
		{FC31025E-6189-47A3-9128-5DABE10F88A4}.Release|Any CPU.Build.0 = Release|Any CPU
		{C627304E-E361-4A5E-A3D2-39BB76A4FA09}.Debug|Any CPU.ActiveCfg = Debug|Any CPU
		{C627304E-E361-4A5E-A3D2-39BB76A4FA09}.Debug|Any CPU.Build.0 = Debug|Any CPU
		{C627304E-E361-4A5E-A3D2-39BB76A4FA09}.Release|Any CPU.ActiveCfg = Release|Any CPU
		{C627304E-E361-4A5E-A3D2-39BB76A4FA09}.Release|Any CPU.Build.0 = Release|Any CPU
		{CE3571E4-A4A8-4A13-9F79-2C381B84B086}.Debug|Any CPU.ActiveCfg = Debug|Any CPU
		{CE3571E4-A4A8-4A13-9F79-2C381B84B086}.Debug|Any CPU.Build.0 = Debug|Any CPU
		{CE3571E4-A4A8-4A13-9F79-2C381B84B086}.Release|Any CPU.ActiveCfg = Release|Any CPU
		{CE3571E4-A4A8-4A13-9F79-2C381B84B086}.Release|Any CPU.Build.0 = Release|Any CPU
		{7A17596A-0E0B-41BF-A583-D34D22EF908A}.Debug|Any CPU.ActiveCfg = Debug|Any CPU
		{7A17596A-0E0B-41BF-A583-D34D22EF908A}.Debug|Any CPU.Build.0 = Debug|Any CPU
		{7A17596A-0E0B-41BF-A583-D34D22EF908A}.Release|Any CPU.ActiveCfg = Release|Any CPU
		{7A17596A-0E0B-41BF-A583-D34D22EF908A}.Release|Any CPU.Build.0 = Release|Any CPU
		{63B38A2B-B260-4DD1-B8DE-E592BD1C0F38}.Debug|Any CPU.ActiveCfg = Debug|Any CPU
		{63B38A2B-B260-4DD1-B8DE-E592BD1C0F38}.Debug|Any CPU.Build.0 = Debug|Any CPU
		{63B38A2B-B260-4DD1-B8DE-E592BD1C0F38}.Release|Any CPU.ActiveCfg = Release|Any CPU
		{63B38A2B-B260-4DD1-B8DE-E592BD1C0F38}.Release|Any CPU.Build.0 = Release|Any CPU
		{768D19CB-DC42-44AC-94F9-80C4D9AACC4E}.Debug|Any CPU.ActiveCfg = Debug|Any CPU
		{768D19CB-DC42-44AC-94F9-80C4D9AACC4E}.Debug|Any CPU.Build.0 = Debug|Any CPU
		{768D19CB-DC42-44AC-94F9-80C4D9AACC4E}.Release|Any CPU.ActiveCfg = Release|Any CPU
		{768D19CB-DC42-44AC-94F9-80C4D9AACC4E}.Release|Any CPU.Build.0 = Release|Any CPU
		{C003F639-3F3C-4AC1-8D29-50AD6419F501}.Debug|Any CPU.ActiveCfg = Debug|Any CPU
		{C003F639-3F3C-4AC1-8D29-50AD6419F501}.Debug|Any CPU.Build.0 = Debug|Any CPU
		{C003F639-3F3C-4AC1-8D29-50AD6419F501}.Release|Any CPU.ActiveCfg = Release|Any CPU
		{C003F639-3F3C-4AC1-8D29-50AD6419F501}.Release|Any CPU.Build.0 = Release|Any CPU
		{95DBA4B8-659B-43CA-8D51-533ACCB74B46}.Debug|Any CPU.ActiveCfg = Debug|Any CPU
		{95DBA4B8-659B-43CA-8D51-533ACCB74B46}.Debug|Any CPU.Build.0 = Debug|Any CPU
		{95DBA4B8-659B-43CA-8D51-533ACCB74B46}.Release|Any CPU.ActiveCfg = Release|Any CPU
		{95DBA4B8-659B-43CA-8D51-533ACCB74B46}.Release|Any CPU.Build.0 = Release|Any CPU
	EndGlobalSection
	GlobalSection(SolutionProperties) = preSolution
		HideSolutionNode = FALSE
	EndGlobalSection
	GlobalSection(NestedProjects) = preSolution
		{FC31025E-6189-47A3-9128-5DABE10F88A4} = {E5E16CD5-CBBF-4C6F-9E41-00C1963A29FA}
		{C627304E-E361-4A5E-A3D2-39BB76A4FA09} = {883DC95A-E7C0-4A5F-811D-F917CDA2558E}
		{CE3571E4-A4A8-4A13-9F79-2C381B84B086} = {CAA7A8ED-8CBB-4F47-BBD0-59BA684954E1}
		{7A17596A-0E0B-41BF-A583-D34D22EF908A} = {CAA7A8ED-8CBB-4F47-BBD0-59BA684954E1}
		{63B38A2B-B260-4DD1-B8DE-E592BD1C0F38} = {CAA7A8ED-8CBB-4F47-BBD0-59BA684954E1}
		{768D19CB-DC42-44AC-94F9-80C4D9AACC4E} = {3DD40939-C777-4BBA-ADB2-E81DAC0AA6C6}
		{C003F639-3F3C-4AC1-8D29-50AD6419F501} = {3DD40939-C777-4BBA-ADB2-E81DAC0AA6C6}
		{95DBA4B8-659B-43CA-8D51-533ACCB74B46} = {3DD40939-C777-4BBA-ADB2-E81DAC0AA6C6}
	EndGlobalSection
	GlobalSection(ExtensibilityGlobals) = postSolution
		SolutionGuid = {528E1ABF-FCE6-4A86-B0D9-3BA8763C4E1F}
	EndGlobalSection
EndGlobal
